
Microsoft Visual Studio Solution File, Format Version 12.00
# Visual Studio Version 17
VisualStudioVersion = 17.2.32616.157
MinimumVisualStudioVersion = 10.0.40219.1
Project("{FAE04EC0-301F-11D3-BF4B-00C04F79EFBC}") = "LeetCode-15-ThreeSum", "LeetCode-15-ThreeSum\LeetCode-15-ThreeSum.csproj", "{5AFCE9A1-8ADC-4C6F-AC9A-8E28E66CD346}"
EndProject
Project("{FAE04EC0-301F-11D3-BF4B-00C04F79EFBC}") = "UnitTests", "UnitTests\UnitTests.csproj", "{92A5E54C-6159-440D-99A5-9DE866185014}"
EndProject
Global
	GlobalSection(SolutionConfigurationPlatforms) = preSolution
		Debug|Any CPU = Debug|Any CPU
		Release|Any CPU = Release|Any CPU
	EndGlobalSection
	GlobalSection(ProjectConfigurationPlatforms) = postSolution
		{5AFCE9A1-8ADC-4C6F-AC9A-8E28E66CD346}.Debug|Any CPU.ActiveCfg = Debug|Any CPU
		{5AFCE9A1-8ADC-4C6F-AC9A-8E28E66CD346}.Debug|Any CPU.Build.0 = Debug|Any CPU
		{5AFCE9A1-8ADC-4C6F-AC9A-8E28E66CD346}.Release|Any CPU.ActiveCfg = Release|Any CPU
		{5AFCE9A1-8ADC-4C6F-AC9A-8E28E66CD346}.Release|Any CPU.Build.0 = Release|Any CPU
		{92A5E54C-6159-440D-99A5-9DE866185014}.Debug|Any CPU.ActiveCfg = Debug|Any CPU
		{92A5E54C-6159-440D-99A5-9DE866185014}.Debug|Any CPU.Build.0 = Debug|Any CPU
		{92A5E54C-6159-440D-99A5-9DE866185014}.Release|Any CPU.ActiveCfg = Release|Any CPU
		{92A5E54C-6159-440D-99A5-9DE866185014}.Release|Any CPU.Build.0 = Release|Any CPU
	EndGlobalSection
	GlobalSection(SolutionProperties) = preSolution
		HideSolutionNode = FALSE
	EndGlobalSection
	GlobalSection(ExtensibilityGlobals) = postSolution
		SolutionGuid = {F3470AAA-A4D4-467F-8A27-AB98333519D8}
	EndGlobalSection
EndGlobal
